
Microsoft Visual Studio Solution File, Format Version 12.00
# Visual Studio Version 16
VisualStudioVersion = 16.0.31321.278
MinimumVisualStudioVersion = 10.0.40219.1
Project("{FAE04EC0-301F-11D3-BF4B-00C04F79EFBC}") = "AddressBook", "AddressBook\AddressBook.csproj", "{A745B6E2-C4E1-4A6B-ACDC-24A6B4D592F6}"
EndProject
Global
	GlobalSection(SolutionConfigurationPlatforms) = preSolution
		Debug|Any CPU = Debug|Any CPU
		Release|Any CPU = Release|Any CPU
	EndGlobalSection
	GlobalSection(ProjectConfigurationPlatforms) = postSolution
		{A745B6E2-C4E1-4A6B-ACDC-24A6B4D592F6}.Debug|Any CPU.ActiveCfg = Debug|Any CPU
		{A745B6E2-C4E1-4A6B-ACDC-24A6B4D592F6}.Debug|Any CPU.Build.0 = Debug|Any CPU
		{A745B6E2-C4E1-4A6B-ACDC-24A6B4D592F6}.Release|Any CPU.ActiveCfg = Release|Any CPU
		{A745B6E2-C4E1-4A6B-ACDC-24A6B4D592F6}.Release|Any CPU.Build.0 = Release|Any CPU
	EndGlobalSection
	GlobalSection(SolutionProperties) = preSolution
		HideSolutionNode = FALSE
	EndGlobalSection
	GlobalSection(ExtensibilityGlobals) = postSolution
		SolutionGuid = {6DA672C4-92CD-40FC-BCE6-589110CE45F7}
	EndGlobalSection
EndGlobal
